
Microsoft Visual Studio Solution File, Format Version 12.00
# Visual Studio Version 17
VisualStudioVersion = 17.6.33723.286
MinimumVisualStudioVersion = 10.0.40219.1
Project("{FAE04EC0-301F-11D3-BF4B-00C04F79EFBC}") = "DBConnection", "DBConnection\DBConnection.csproj", "{0CCA8952-95A7-4FA2-9637-78B988334572}"
EndProject
Global
	GlobalSection(SolutionConfigurationPlatforms) = preSolution
		Debug|Any CPU = Debug|Any CPU
		Release|Any CPU = Release|Any CPU
	EndGlobalSection
	GlobalSection(ProjectConfigurationPlatforms) = postSolution
		{0CCA8952-95A7-4FA2-9637-78B988334572}.Debug|Any CPU.ActiveCfg = Debug|Any CPU
		{0CCA8952-95A7-4FA2-9637-78B988334572}.Debug|Any CPU.Build.0 = Debug|Any CPU
		{0CCA8952-95A7-4FA2-9637-78B988334572}.Release|Any CPU.ActiveCfg = Release|Any CPU
		{0CCA8952-95A7-4FA2-9637-78B988334572}.Release|Any CPU.Build.0 = Release|Any CPU
	EndGlobalSection
	GlobalSection(SolutionProperties) = preSolution
		HideSolutionNode = FALSE
	EndGlobalSection
	GlobalSection(ExtensibilityGlobals) = postSolution
		SolutionGuid = {A3C8E0A5-694E-47FF-ADE6-3097038A0B80}
	EndGlobalSection
EndGlobal
