
Microsoft Visual Studio Solution File, Format Version 12.00
# Visual Studio Version 17
VisualStudioVersion = 17.5.33414.496
MinimumVisualStudioVersion = 10.0.40219.1
Project("{00D1A9C2-B5F0-4AF3-8072-F6C62B433612}") = "Database1", "Database1\Database1.sqlproj", "{5BD8F434-1E63-4967-A269-034CB8B8A812}"
EndProject
Global
	GlobalSection(SolutionConfigurationPlatforms) = preSolution
		Debug|Any CPU = Debug|Any CPU
		Release|Any CPU = Release|Any CPU
	EndGlobalSection
	GlobalSection(ProjectConfigurationPlatforms) = postSolution
		{5BD8F434-1E63-4967-A269-034CB8B8A812}.Debug|Any CPU.ActiveCfg = Debug|Any CPU
		{5BD8F434-1E63-4967-A269-034CB8B8A812}.Debug|Any CPU.Build.0 = Debug|Any CPU
		{5BD8F434-1E63-4967-A269-034CB8B8A812}.Debug|Any CPU.Deploy.0 = Debug|Any CPU
		{5BD8F434-1E63-4967-A269-034CB8B8A812}.Release|Any CPU.ActiveCfg = Release|Any CPU
		{5BD8F434-1E63-4967-A269-034CB8B8A812}.Release|Any CPU.Build.0 = Release|Any CPU
		{5BD8F434-1E63-4967-A269-034CB8B8A812}.Release|Any CPU.Deploy.0 = Release|Any CPU
	EndGlobalSection
	GlobalSection(SolutionProperties) = preSolution
		HideSolutionNode = FALSE
	EndGlobalSection
	GlobalSection(ExtensibilityGlobals) = postSolution
		SolutionGuid = {83D1F52F-1D7C-41DC-863A-2667CEC9C98F}
	EndGlobalSection
EndGlobal
