
Microsoft Visual Studio Solution File, Format Version 12.00
# Visual Studio Version 16
VisualStudioVersion = 16.0.33801.447
MinimumVisualStudioVersion = 10.0.40219.1
Project("{FAE04EC0-301F-11D3-BF4B-00C04F79EFBC}") = "WindowsFormsApp1", "WindowsFormsApp1\WindowsFormsApp1.csproj", "{430E71F0-77C6-463D-AADF-5C9E97917A9A}"
EndProject
Global
	GlobalSection(SolutionConfigurationPlatforms) = preSolution
		Debug|Any CPU = Debug|Any CPU
		Release|Any CPU = Release|Any CPU
	EndGlobalSection
	GlobalSection(ProjectConfigurationPlatforms) = postSolution
		{430E71F0-77C6-463D-AADF-5C9E97917A9A}.Debug|Any CPU.ActiveCfg = Debug|Any CPU
		{430E71F0-77C6-463D-AADF-5C9E97917A9A}.Debug|Any CPU.Build.0 = Debug|Any CPU
		{430E71F0-77C6-463D-AADF-5C9E97917A9A}.Release|Any CPU.ActiveCfg = Release|Any CPU
		{430E71F0-77C6-463D-AADF-5C9E97917A9A}.Release|Any CPU.Build.0 = Release|Any CPU
	EndGlobalSection
	GlobalSection(SolutionProperties) = preSolution
		HideSolutionNode = FALSE
	EndGlobalSection
	GlobalSection(ExtensibilityGlobals) = postSolution
		SolutionGuid = {09461E23-03CB-4B6F-95C9-DBB3EB6A7647}
	EndGlobalSection
EndGlobal
