
Microsoft Visual Studio Solution File, Format Version 12.00
# Visual Studio Version 16
VisualStudioVersion = 16.0.33801.447
MinimumVisualStudioVersion = 10.0.40219.1
Project("{FAE04EC0-301F-11D3-BF4B-00C04F79EFBC}") = "Election", "Election\Election.csproj", "{DED3DAAD-A6B6-406E-AF1B-739EA96A84CF}"
EndProject
Global
	GlobalSection(SolutionConfigurationPlatforms) = preSolution
		Debug|Any CPU = Debug|Any CPU
		Release|Any CPU = Release|Any CPU
	EndGlobalSection
	GlobalSection(ProjectConfigurationPlatforms) = postSolution
		{DED3DAAD-A6B6-406E-AF1B-739EA96A84CF}.Debug|Any CPU.ActiveCfg = Debug|Any CPU
		{DED3DAAD-A6B6-406E-AF1B-739EA96A84CF}.Debug|Any CPU.Build.0 = Debug|Any CPU
		{DED3DAAD-A6B6-406E-AF1B-739EA96A84CF}.Release|Any CPU.ActiveCfg = Release|Any CPU
		{DED3DAAD-A6B6-406E-AF1B-739EA96A84CF}.Release|Any CPU.Build.0 = Release|Any CPU
	EndGlobalSection
	GlobalSection(SolutionProperties) = preSolution
		HideSolutionNode = FALSE
	EndGlobalSection
	GlobalSection(ExtensibilityGlobals) = postSolution
		SolutionGuid = {061B33B3-83A7-44E8-BCE5-6B222F533C4C}
	EndGlobalSection
EndGlobal
