
Microsoft Visual Studio Solution File, Format Version 12.00
# Visual Studio Version 16
VisualStudioVersion = 16.0.33801.447
MinimumVisualStudioVersion = 10.0.40219.1
Project("{FAE04EC0-301F-11D3-BF4B-00C04F79EFBC}") = "UI", "UI\UI.csproj", "{C186410E-E58F-4173-A403-5ABC9ABE4383}"
EndProject
Global
	GlobalSection(SolutionConfigurationPlatforms) = preSolution
		Debug|Any CPU = Debug|Any CPU
		Release|Any CPU = Release|Any CPU
	EndGlobalSection
	GlobalSection(ProjectConfigurationPlatforms) = postSolution
		{C186410E-E58F-4173-A403-5ABC9ABE4383}.Debug|Any CPU.ActiveCfg = Debug|Any CPU
		{C186410E-E58F-4173-A403-5ABC9ABE4383}.Debug|Any CPU.Build.0 = Debug|Any CPU
		{C186410E-E58F-4173-A403-5ABC9ABE4383}.Release|Any CPU.ActiveCfg = Release|Any CPU
		{C186410E-E58F-4173-A403-5ABC9ABE4383}.Release|Any CPU.Build.0 = Release|Any CPU
	EndGlobalSection
	GlobalSection(SolutionProperties) = preSolution
		HideSolutionNode = FALSE
	EndGlobalSection
	GlobalSection(ExtensibilityGlobals) = postSolution
		SolutionGuid = {4942663B-E919-451E-8F1A-322A4E30E1A8}
	EndGlobalSection
EndGlobal
