
Microsoft Visual Studio Solution File, Format Version 12.00
# Visual Studio Version 17
VisualStudioVersion = 17.6.33723.286
MinimumVisualStudioVersion = 10.0.40219.1
Project("{FAE04EC0-301F-11D3-BF4B-00C04F79EFBC}") = "FormApp1", "FormApp1\FormApp1.csproj", "{262D86E6-0A49-4DB7-8AE1-7A7275972BD0}"
EndProject
Global
	GlobalSection(SolutionConfigurationPlatforms) = preSolution
		Debug|Any CPU = Debug|Any CPU
		Release|Any CPU = Release|Any CPU
	EndGlobalSection
	GlobalSection(ProjectConfigurationPlatforms) = postSolution
		{262D86E6-0A49-4DB7-8AE1-7A7275972BD0}.Debug|Any CPU.ActiveCfg = Debug|Any CPU
		{262D86E6-0A49-4DB7-8AE1-7A7275972BD0}.Debug|Any CPU.Build.0 = Debug|Any CPU
		{262D86E6-0A49-4DB7-8AE1-7A7275972BD0}.Release|Any CPU.ActiveCfg = Release|Any CPU
		{262D86E6-0A49-4DB7-8AE1-7A7275972BD0}.Release|Any CPU.Build.0 = Release|Any CPU
	EndGlobalSection
	GlobalSection(SolutionProperties) = preSolution
		HideSolutionNode = FALSE
	EndGlobalSection
	GlobalSection(ExtensibilityGlobals) = postSolution
		SolutionGuid = {4FDD2614-F78B-4C7A-8DB3-72F9FA4257F5}
	EndGlobalSection
EndGlobal
